
Microsoft Visual Studio Solution File, Format Version 12.00
# Visual Studio Version 16
VisualStudioVersion = 16.0.810.14
MinimumVisualStudioVersion = 10.0.40219.1
Project("{FAE04EC0-301F-11D3-BF4B-00C04F79EFBC}") = "01-SonarSweep", "01-SonarSweep\01-SonarSweep.csproj", "{F006A721-6E3C-4867-A0E8-9792DDAF09CB}"
EndProject
Project("{FAE04EC0-301F-11D3-BF4B-00C04F79EFBC}") = "02-Dive", "02-Dive\02-Dive.csproj", "{03668A87-0B47-49C0-8DFA-D0D5901B7291}"
EndProject
Project("{FAE04EC0-301F-11D3-BF4B-00C04F79EFBC}") = "03-BinaryDiagnostic", "03-BinaryDiagnostic\03-BinaryDiagnostic.csproj", "{0BE5EA7A-5361-47F5-8730-C78376B81064}"
EndProject
Project("{FAE04EC0-301F-11D3-BF4B-00C04F79EFBC}") = "04-GiantSquid", "04-GiantSquid\04-GiantSquid.csproj", "{38B96AEA-316C-4169-A375-A221C8A0381F}"
EndProject
Project("{FAE04EC0-301F-11D3-BF4B-00C04F79EFBC}") = "05-HydrothermalVenture", "05-HydrothermalVenture\05-HydrothermalVenture.csproj", "{5DD8D864-A6CD-464D-ADDA-60691E4E72EE}"
EndProject
Project("{FAE04EC0-301F-11D3-BF4B-00C04F79EFBC}") = "06-Lanternfish", "06-Lanternfish\06-Lanternfish.csproj", "{4856EE77-B08C-4A29-A206-8683D69FD5CE}"
EndProject
Project("{FAE04EC0-301F-11D3-BF4B-00C04F79EFBC}") = "07-TheTreacheryOfWhales", "07-TheTreacheryOfWhales\07-TheTreacheryOfWhales.csproj", "{531ACF55-850F-4528-8B69-EF19B91EF816}"
EndProject
Project("{FAE04EC0-301F-11D3-BF4B-00C04F79EFBC}") = "08-SevenSegmentSearch", "08-SevenSegmentSearch\08-SevenSegmentSearch.csproj", "{CBB33062-C6AF-4BF0-AB91-AA47DA545DDE}"
EndProject
Project("{FAE04EC0-301F-11D3-BF4B-00C04F79EFBC}") = "09-SmokeBasin", "09-SmokeBasin\09-SmokeBasin.csproj", "{090DE990-3555-4EC5-B7D2-67AC06812492}"
EndProject
Project("{FAE04EC0-301F-11D3-BF4B-00C04F79EFBC}") = "10-SyntaxScoring", "10-SyntaxScoring\10-SyntaxScoring.csproj", "{C97B735E-F8F9-4B1B-A26A-F721D7FD12A9}"
EndProject
Project("{FAE04EC0-301F-11D3-BF4B-00C04F79EFBC}") = "11-DumboOctopus", "11-DumboOctopus\11-DumboOctopus.csproj", "{3F88620C-38E6-45F1-9839-90645E014DE2}"
EndProject
Project("{FAE04EC0-301F-11D3-BF4B-00C04F79EFBC}") = "12-PassagePathing", "12-PassagePathing\12-PassagePathing.csproj", "{0491D515-67E5-4ADD-9D76-0CD7DB574F13}"
EndProject
Project("{FAE04EC0-301F-11D3-BF4B-00C04F79EFBC}") = "13-TransparentOrigami", "13-TransparentOrigami\13-TransparentOrigami.csproj", "{51131752-E9FD-46BB-A15D-B663E9FF00F1}"
EndProject
Project("{FAE04EC0-301F-11D3-BF4B-00C04F79EFBC}") = "14-ExtendedPolymerization", "14-ExtendedPolymerization\14-ExtendedPolymerization.csproj", "{347B8F9B-45A6-4313-BEBA-82591A9785A2}"
EndProject
Project("{FAE04EC0-301F-11D3-BF4B-00C04F79EFBC}") = "15-Chiton", "15-Chiton\15-Chiton.csproj", "{75F057E9-83CC-402E-808F-570E0E387E9F}"
EndProject
Project("{FAE04EC0-301F-11D3-BF4B-00C04F79EFBC}") = "16-PacketDecoder", "16-PacketDecoder\16-PacketDecoder.csproj", "{0716B11F-9B27-4F99-BA37-E4B592E68411}"
EndProject
Project("{FAE04EC0-301F-11D3-BF4B-00C04F79EFBC}") = "18-Snailfish", "18-Snailfish\18-Snailfish.csproj", "{051E87D0-6A36-490A-8AAC-8256BF9C629E}"
EndProject
Project("{FAE04EC0-301F-11D3-BF4B-00C04F79EFBC}") = "19-BeaconScanner", "19-BeaconScanner\19-BeaconScanner.csproj", "{EF961387-C536-40AA-B98A-BE779EE09347}"
EndProject
Project("{FAE04EC0-301F-11D3-BF4B-00C04F79EFBC}") = "20-TrenchMap", "20-TrenchMap\20-TrenchMap.csproj", "{9933986B-187C-4B68-9D34-794463FE03DE}"
EndProject
Project("{FAE04EC0-301F-11D3-BF4B-00C04F79EFBC}") = "21-DiracDice", "21-DiracDice\21-DiracDice.csproj", "{9DEF623D-C0DF-4AF7-B605-F7846A661ADC}"
EndProject
Project("{FAE04EC0-301F-11D3-BF4B-00C04F79EFBC}") = "24-ArithmeticLogicUnit", "24-ArithmeticLogicUnit\24-ArithmeticLogicUnit.csproj", "{C8C19775-A2B3-44F8-A072-4A5F880A96D0}"
EndProject
Project("{FAE04EC0-301F-11D3-BF4B-00C04F79EFBC}") = "25-SeaCucumber", "25-SeaCucumber\25-SeaCucumber.csproj", "{CC3C90DD-8D64-40E1-9A23-14F862A5D73C}"
EndProject
Global
	GlobalSection(SolutionConfigurationPlatforms) = preSolution
		Debug|Any CPU = Debug|Any CPU
		Release|Any CPU = Release|Any CPU
	EndGlobalSection
	GlobalSection(ProjectConfigurationPlatforms) = postSolution
		{F006A721-6E3C-4867-A0E8-9792DDAF09CB}.Debug|Any CPU.ActiveCfg = Debug|Any CPU
		{F006A721-6E3C-4867-A0E8-9792DDAF09CB}.Debug|Any CPU.Build.0 = Debug|Any CPU
		{F006A721-6E3C-4867-A0E8-9792DDAF09CB}.Release|Any CPU.ActiveCfg = Release|Any CPU
		{F006A721-6E3C-4867-A0E8-9792DDAF09CB}.Release|Any CPU.Build.0 = Release|Any CPU
		{03668A87-0B47-49C0-8DFA-D0D5901B7291}.Debug|Any CPU.ActiveCfg = Debug|Any CPU
		{03668A87-0B47-49C0-8DFA-D0D5901B7291}.Debug|Any CPU.Build.0 = Debug|Any CPU
		{03668A87-0B47-49C0-8DFA-D0D5901B7291}.Release|Any CPU.ActiveCfg = Release|Any CPU
		{03668A87-0B47-49C0-8DFA-D0D5901B7291}.Release|Any CPU.Build.0 = Release|Any CPU
		{0BE5EA7A-5361-47F5-8730-C78376B81064}.Debug|Any CPU.ActiveCfg = Debug|Any CPU
		{0BE5EA7A-5361-47F5-8730-C78376B81064}.Debug|Any CPU.Build.0 = Debug|Any CPU
		{0BE5EA7A-5361-47F5-8730-C78376B81064}.Release|Any CPU.ActiveCfg = Release|Any CPU
		{0BE5EA7A-5361-47F5-8730-C78376B81064}.Release|Any CPU.Build.0 = Release|Any CPU
		{38B96AEA-316C-4169-A375-A221C8A0381F}.Debug|Any CPU.ActiveCfg = Debug|Any CPU
		{38B96AEA-316C-4169-A375-A221C8A0381F}.Debug|Any CPU.Build.0 = Debug|Any CPU
		{38B96AEA-316C-4169-A375-A221C8A0381F}.Release|Any CPU.ActiveCfg = Release|Any CPU
		{38B96AEA-316C-4169-A375-A221C8A0381F}.Release|Any CPU.Build.0 = Release|Any CPU
		{5DD8D864-A6CD-464D-ADDA-60691E4E72EE}.Debug|Any CPU.ActiveCfg = Debug|Any CPU
		{5DD8D864-A6CD-464D-ADDA-60691E4E72EE}.Debug|Any CPU.Build.0 = Debug|Any CPU
		{5DD8D864-A6CD-464D-ADDA-60691E4E72EE}.Release|Any CPU.ActiveCfg = Release|Any CPU
		{5DD8D864-A6CD-464D-ADDA-60691E4E72EE}.Release|Any CPU.Build.0 = Release|Any CPU
		{4856EE77-B08C-4A29-A206-8683D69FD5CE}.Debug|Any CPU.ActiveCfg = Debug|Any CPU
		{4856EE77-B08C-4A29-A206-8683D69FD5CE}.Debug|Any CPU.Build.0 = Debug|Any CPU
		{4856EE77-B08C-4A29-A206-8683D69FD5CE}.Release|Any CPU.ActiveCfg = Release|Any CPU
		{4856EE77-B08C-4A29-A206-8683D69FD5CE}.Release|Any CPU.Build.0 = Release|Any CPU
		{531ACF55-850F-4528-8B69-EF19B91EF816}.Debug|Any CPU.ActiveCfg = Debug|Any CPU
		{531ACF55-850F-4528-8B69-EF19B91EF816}.Debug|Any CPU.Build.0 = Debug|Any CPU
		{531ACF55-850F-4528-8B69-EF19B91EF816}.Release|Any CPU.ActiveCfg = Release|Any CPU
		{531ACF55-850F-4528-8B69-EF19B91EF816}.Release|Any CPU.Build.0 = Release|Any CPU
		{CBB33062-C6AF-4BF0-AB91-AA47DA545DDE}.Debug|Any CPU.ActiveCfg = Debug|Any CPU
		{CBB33062-C6AF-4BF0-AB91-AA47DA545DDE}.Debug|Any CPU.Build.0 = Debug|Any CPU
		{CBB33062-C6AF-4BF0-AB91-AA47DA545DDE}.Release|Any CPU.ActiveCfg = Release|Any CPU
		{CBB33062-C6AF-4BF0-AB91-AA47DA545DDE}.Release|Any CPU.Build.0 = Release|Any CPU
		{090DE990-3555-4EC5-B7D2-67AC06812492}.Debug|Any CPU.ActiveCfg = Debug|Any CPU
		{090DE990-3555-4EC5-B7D2-67AC06812492}.Debug|Any CPU.Build.0 = Debug|Any CPU
		{090DE990-3555-4EC5-B7D2-67AC06812492}.Release|Any CPU.ActiveCfg = Release|Any CPU
		{090DE990-3555-4EC5-B7D2-67AC06812492}.Release|Any CPU.Build.0 = Release|Any CPU
		{C97B735E-F8F9-4B1B-A26A-F721D7FD12A9}.Debug|Any CPU.ActiveCfg = Debug|Any CPU
		{C97B735E-F8F9-4B1B-A26A-F721D7FD12A9}.Debug|Any CPU.Build.0 = Debug|Any CPU
		{C97B735E-F8F9-4B1B-A26A-F721D7FD12A9}.Release|Any CPU.ActiveCfg = Release|Any CPU
		{C97B735E-F8F9-4B1B-A26A-F721D7FD12A9}.Release|Any CPU.Build.0 = Release|Any CPU
		{3F88620C-38E6-45F1-9839-90645E014DE2}.Debug|Any CPU.ActiveCfg = Debug|Any CPU
		{3F88620C-38E6-45F1-9839-90645E014DE2}.Debug|Any CPU.Build.0 = Debug|Any CPU
		{3F88620C-38E6-45F1-9839-90645E014DE2}.Release|Any CPU.ActiveCfg = Release|Any CPU
		{3F88620C-38E6-45F1-9839-90645E014DE2}.Release|Any CPU.Build.0 = Release|Any CPU
		{0491D515-67E5-4ADD-9D76-0CD7DB574F13}.Debug|Any CPU.ActiveCfg = Debug|Any CPU
		{0491D515-67E5-4ADD-9D76-0CD7DB574F13}.Debug|Any CPU.Build.0 = Debug|Any CPU
		{0491D515-67E5-4ADD-9D76-0CD7DB574F13}.Release|Any CPU.ActiveCfg = Release|Any CPU
		{0491D515-67E5-4ADD-9D76-0CD7DB574F13}.Release|Any CPU.Build.0 = Release|Any CPU
		{51131752-E9FD-46BB-A15D-B663E9FF00F1}.Debug|Any CPU.ActiveCfg = Debug|Any CPU
		{51131752-E9FD-46BB-A15D-B663E9FF00F1}.Debug|Any CPU.Build.0 = Debug|Any CPU
		{51131752-E9FD-46BB-A15D-B663E9FF00F1}.Release|Any CPU.ActiveCfg = Release|Any CPU
		{51131752-E9FD-46BB-A15D-B663E9FF00F1}.Release|Any CPU.Build.0 = Release|Any CPU
		{347B8F9B-45A6-4313-BEBA-82591A9785A2}.Debug|Any CPU.ActiveCfg = Debug|Any CPU
		{347B8F9B-45A6-4313-BEBA-82591A9785A2}.Debug|Any CPU.Build.0 = Debug|Any CPU
		{347B8F9B-45A6-4313-BEBA-82591A9785A2}.Release|Any CPU.ActiveCfg = Release|Any CPU
		{347B8F9B-45A6-4313-BEBA-82591A9785A2}.Release|Any CPU.Build.0 = Release|Any CPU
		{75F057E9-83CC-402E-808F-570E0E387E9F}.Debug|Any CPU.ActiveCfg = Debug|Any CPU
		{75F057E9-83CC-402E-808F-570E0E387E9F}.Debug|Any CPU.Build.0 = Debug|Any CPU
		{75F057E9-83CC-402E-808F-570E0E387E9F}.Release|Any CPU.ActiveCfg = Release|Any CPU
		{75F057E9-83CC-402E-808F-570E0E387E9F}.Release|Any CPU.Build.0 = Release|Any CPU
		{0716B11F-9B27-4F99-BA37-E4B592E68411}.Debug|Any CPU.ActiveCfg = Debug|Any CPU
		{0716B11F-9B27-4F99-BA37-E4B592E68411}.Debug|Any CPU.Build.0 = Debug|Any CPU
		{0716B11F-9B27-4F99-BA37-E4B592E68411}.Release|Any CPU.ActiveCfg = Release|Any CPU
		{0716B11F-9B27-4F99-BA37-E4B592E68411}.Release|Any CPU.Build.0 = Release|Any CPU
		{051E87D0-6A36-490A-8AAC-8256BF9C629E}.Debug|Any CPU.ActiveCfg = Debug|Any CPU
		{051E87D0-6A36-490A-8AAC-8256BF9C629E}.Debug|Any CPU.Build.0 = Debug|Any CPU
		{051E87D0-6A36-490A-8AAC-8256BF9C629E}.Release|Any CPU.ActiveCfg = Release|Any CPU
		{051E87D0-6A36-490A-8AAC-8256BF9C629E}.Release|Any CPU.Build.0 = Release|Any CPU
		{EF961387-C536-40AA-B98A-BE779EE09347}.Debug|Any CPU.ActiveCfg = Debug|Any CPU
		{EF961387-C536-40AA-B98A-BE779EE09347}.Debug|Any CPU.Build.0 = Debug|Any CPU
		{EF961387-C536-40AA-B98A-BE779EE09347}.Release|Any CPU.ActiveCfg = Release|Any CPU
		{EF961387-C536-40AA-B98A-BE779EE09347}.Release|Any CPU.Build.0 = Release|Any CPU
		{9933986B-187C-4B68-9D34-794463FE03DE}.Debug|Any CPU.ActiveCfg = Debug|Any CPU
		{9933986B-187C-4B68-9D34-794463FE03DE}.Debug|Any CPU.Build.0 = Debug|Any CPU
		{9933986B-187C-4B68-9D34-794463FE03DE}.Release|Any CPU.ActiveCfg = Release|Any CPU
		{9933986B-187C-4B68-9D34-794463FE03DE}.Release|Any CPU.Build.0 = Release|Any CPU
		{9DEF623D-C0DF-4AF7-B605-F7846A661ADC}.Debug|Any CPU.ActiveCfg = Debug|Any CPU
		{9DEF623D-C0DF-4AF7-B605-F7846A661ADC}.Debug|Any CPU.Build.0 = Debug|Any CPU
		{9DEF623D-C0DF-4AF7-B605-F7846A661ADC}.Release|Any CPU.ActiveCfg = Release|Any CPU
		{9DEF623D-C0DF-4AF7-B605-F7846A661ADC}.Release|Any CPU.Build.0 = Release|Any CPU
		{C8C19775-A2B3-44F8-A072-4A5F880A96D0}.Debug|Any CPU.ActiveCfg = Debug|Any CPU
		{C8C19775-A2B3-44F8-A072-4A5F880A96D0}.Debug|Any CPU.Build.0 = Debug|Any CPU
		{C8C19775-A2B3-44F8-A072-4A5F880A96D0}.Release|Any CPU.ActiveCfg = Release|Any CPU
		{C8C19775-A2B3-44F8-A072-4A5F880A96D0}.Release|Any CPU.Build.0 = Release|Any CPU
		{CC3C90DD-8D64-40E1-9A23-14F862A5D73C}.Debug|Any CPU.ActiveCfg = Debug|Any CPU
		{CC3C90DD-8D64-40E1-9A23-14F862A5D73C}.Debug|Any CPU.Build.0 = Debug|Any CPU
		{CC3C90DD-8D64-40E1-9A23-14F862A5D73C}.Release|Any CPU.ActiveCfg = Release|Any CPU
		{CC3C90DD-8D64-40E1-9A23-14F862A5D73C}.Release|Any CPU.Build.0 = Release|Any CPU
	EndGlobalSection
	GlobalSection(SolutionProperties) = preSolution
		HideSolutionNode = FALSE
	EndGlobalSection
	GlobalSection(ExtensibilityGlobals) = postSolution
		SolutionGuid = {8D1FF075-DEA0-41B2-AB25-C3FAAADD4217}
	EndGlobalSection
EndGlobal
